// !$*UTF8*$!
{
	archiveVersion = 1;
	classes = {
	};
	objectVersion = 46;
	objects = {

/* Begin PBXBuildFile section */
		63D0B8031963F20B0036C64D /* Foundation.framework in Frameworks */ = {isa = PBXBuildFile; fileRef = 63D0B8021963F20B0036C64D /* Foundation.framework */; };
		63D0B8051963F20B0036C64D /* CoreGraphics.framework in Frameworks */ = {isa = PBXBuildFile; fileRef = 63D0B8041963F20B0036C64D /* CoreGraphics.framework */; };
		63D0B8071963F20B0036C64D /* UIKit.framework in Frameworks */ = {isa = PBXBuildFile; fileRef = 63D0B8061963F20B0036C64D /* UIKit.framework */; };
		63D0B80D1963F20B0036C64D /* InfoPlist.strings in Resources */ = {isa = PBXBuildFile; fileRef = 63D0B80B1963F20B0036C64D /* InfoPlist.strings */; };
		63D0B80F1963F20B0036C64D /* main.m in Sources */ = {isa = PBXBuildFile; fileRef = 63D0B80E1963F20B0036C64D /* main.m */; };
		63D0B8131963F20B0036C64D /* TBAppDelegate.m in Sources */ = {isa = PBXBuildFile; fileRef = 63D0B8121963F20B0036C64D /* TBAppDelegate.m */; };
		63D0B8151963F20B0036C64D /* Images.xcassets in Resources */ = {isa = PBXBuildFile; fileRef = 63D0B8141963F20B0036C64D /* Images.xcassets */; };
		63D0B81C1963F20B0036C64D /* XCTest.framework in Frameworks */ = {isa = PBXBuildFile; fileRef = 63D0B81B1963F20B0036C64D /* XCTest.framework */; };
		63D0B81D1963F20B0036C64D /* Foundation.framework in Frameworks */ = {isa = PBXBuildFile; fileRef = 63D0B8021963F20B0036C64D /* Foundation.framework */; };
		63D0B81E1963F20B0036C64D /* UIKit.framework in Frameworks */ = {isa = PBXBuildFile; fileRef = 63D0B8061963F20B0036C64D /* UIKit.framework */; };
		63D0B8261963F20B0036C64D /* InfoPlist.strings in Resources */ = {isa = PBXBuildFile; fileRef = 63D0B8241963F20B0036C64D /* InfoPlist.strings */; };
		63D0B8281963F20B0036C64D /* TBURLImageViewExampleTests.m in Sources */ = {isa = PBXBuildFile; fileRef = 63D0B8271963F20B0036C64D /* TBURLImageViewExampleTests.m */; };
		63D0B8361963F2BC0036C64D /* TBURLImageView.m in Sources */ = {isa = PBXBuildFile; fileRef = 63D0B8351963F2BC0036C64D /* TBURLImageView.m */; };
		63D0B83B1963F32D0036C64D /* TBRootViewController.m in Sources */ = {isa = PBXBuildFile; fileRef = 63D0B8391963F32D0036C64D /* TBRootViewController.m */; };
		63D0B8401963F3B60036C64D /* TBNextViewController.m in Sources */ = {isa = PBXBuildFile; fileRef = 63D0B83E1963F3B60036C64D /* TBNextViewController.m */; };
		63D0B8431963F4690036C64D /* Main.storyboard in Resources */ = {isa = PBXBuildFile; fileRef = 63D0B8421963F4690036C64D /* Main.storyboard */; };
/* End PBXBuildFile section */

/* Begin PBXContainerItemProxy section */
		63D0B81F1963F20B0036C64D /* PBXContainerItemProxy */ = {
			isa = PBXContainerItemProxy;
			containerPortal = 63D0B7F71963F20B0036C64D /* Project object */;
			proxyType = 1;
			remoteGlobalIDString = 63D0B7FE1963F20B0036C64D;
			remoteInfo = TBURLImageViewExample;
		};
/* End PBXContainerItemProxy section */

/* Begin PBXFileReference section */
		63D0B7FF1963F20B0036C64D /* TBURLImageViewExample.app */ = {isa = PBXFileReference; explicitFileType = wrapper.application; includeInIndex = 0; path = TBURLImageViewExample.app; sourceTree = BUILT_PRODUCTS_DIR; };
		63D0B8021963F20B0036C64D /* Foundation.framework */ = {isa = PBXFileReference; lastKnownFileType = wrapper.framework; name = Foundation.framework; path = System/Library/Frameworks/Foundation.framework; sourceTree = SDKROOT; };
		63D0B8041963F20B0036C64D /* CoreGraphics.framework */ = {isa = PBXFileReference; lastKnownFileType = wrapper.framework; name = CoreGraphics.framework; path = System/Library/Frameworks/CoreGraphics.framework; sourceTree = SDKROOT; };
		63D0B8061963F20B0036C64D /* UIKit.framework */ = {isa = PBXFileReference; lastKnownFileType = wrapper.framework; name = UIKit.framework; path = System/Library/Frameworks/UIKit.framework; sourceTree = SDKROOT; };
		63D0B80A1963F20B0036C64D /* TBURLImageViewExample-Info.plist */ = {isa = PBXFileReference; lastKnownFileType = text.plist.xml; path = "TBURLImageViewExample-Info.plist"; sourceTree = "<group>"; };
		63D0B80C1963F20B0036C64D /* en */ = {isa = PBXFileReference; lastKnownFileType = text.plist.strings; name = en; path = en.lproj/InfoPlist.strings; sourceTree = "<group>"; };
		63D0B80E1963F20B0036C64D /* main.m */ = {isa = PBXFileReference; lastKnownFileType = sourcecode.c.objc; path = main.m; sourceTree = "<group>"; };
		63D0B8101963F20B0036C64D /* TBURLImageViewExample-Prefix.pch */ = {isa = PBXFileReference; lastKnownFileType = sourcecode.c.h; path = "TBURLImageViewExample-Prefix.pch"; sourceTree = "<group>"; };
		63D0B8111963F20B0036C64D /* TBAppDelegate.h */ = {isa = PBXFileReference; lastKnownFileType = sourcecode.c.h; path = TBAppDelegate.h; sourceTree = "<group>"; };
		63D0B8121963F20B0036C64D /* TBAppDelegate.m */ = {isa = PBXFileReference; lastKnownFileType = sourcecode.c.objc; path = TBAppDelegate.m; sourceTree = "<group>"; };
		63D0B8141963F20B0036C64D /* Images.xcassets */ = {isa = PBXFileReference; lastKnownFileType = folder.assetcatalog; path = Images.xcassets; sourceTree = "<group>"; };
		63D0B81A1963F20B0036C64D /* TBURLImageViewExampleTests.xctest */ = {isa = PBXFileReference; explicitFileType = wrapper.cfbundle; includeInIndex = 0; path = TBURLImageViewExampleTests.xctest; sourceTree = BUILT_PRODUCTS_DIR; };
		63D0B81B1963F20B0036C64D /* XCTest.framework */ = {isa = PBXFileReference; lastKnownFileType = wrapper.framework; name = XCTest.framework; path = Library/Frameworks/XCTest.framework; sourceTree = DEVELOPER_DIR; };
		63D0B8231963F20B0036C64D /* TBURLImageViewExampleTests-Info.plist */ = {isa = PBXFileReference; lastKnownFileType = text.plist.xml; path = "TBURLImageViewExampleTests-Info.plist"; sourceTree = "<group>"; };
		63D0B8251963F20B0036C64D /* en */ = {isa = PBXFileReference; lastKnownFileType = text.plist.strings; name = en; path = en.lproj/InfoPlist.strings; sourceTree = "<group>"; };
		63D0B8271963F20B0036C64D /* TBURLImageViewExampleTests.m */ = {isa = PBXFileReference; lastKnownFileType = sourcecode.c.objc; path = TBURLImageViewExampleTests.m; sourceTree = "<group>"; };
		63D0B8341963F2BC0036C64D /* TBURLImageView.h */ = {isa = PBXFileReference; fileEncoding = 4; lastKnownFileType = sourcecode.c.h; path = TBURLImageView.h; sourceTree = "<group>"; };
		63D0B8351963F2BC0036C64D /* TBURLImageView.m */ = {isa = PBXFileReference; fileEncoding = 4; lastKnownFileType = sourcecode.c.objc; path = TBURLImageView.m; sourceTree = "<group>"; };
		63D0B8381963F32D0036C64D /* TBRootViewController.h */ = {isa = PBXFileReference; fileEncoding = 4; lastKnownFileType = sourcecode.c.h; path = TBRootViewController.h; sourceTree = "<group>"; };
		63D0B8391963F32D0036C64D /* TBRootViewController.m */ = {isa = PBXFileReference; fileEncoding = 4; lastKnownFileType = sourcecode.c.objc; path = TBRootViewController.m; sourceTree = "<group>"; };
		63D0B83D1963F3B60036C64D /* TBNextViewController.h */ = {isa = PBXFileReference; fileEncoding = 4; lastKnownFileType = sourcecode.c.h; path = TBNextViewController.h; sourceTree = "<group>"; };
		63D0B83E1963F3B60036C64D /* TBNextViewController.m */ = {isa = PBXFileReference; fileEncoding = 4; lastKnownFileType = sourcecode.c.objc; path = TBNextViewController.m; sourceTree = "<group>"; };
		63D0B8421963F4690036C64D /* Main.storyboard */ = {isa = PBXFileReference; fileEncoding = 4; lastKnownFileType = file.storyboard; path = Main.storyboard; sourceTree = "<group>"; };
/* End PBXFileReference section */

/* Begin PBXFrameworksBuildPhase section */
		63D0B7FC1963F20B0036C64D /* Frameworks */ = {
			isa = PBXFrameworksBuildPhase;
			buildActionMask = 2147483647;
			files = (
				63D0B8051963F20B0036C64D /* CoreGraphics.framework in Frameworks */,
				63D0B8071963F20B0036C64D /* UIKit.framework in Frameworks */,
				63D0B8031963F20B0036C64D /* Foundation.framework in Frameworks */,
			);
			runOnlyForDeploymentPostprocessing = 0;
		};
		63D0B8171963F20B0036C64D /* Frameworks */ = {
			isa = PBXFrameworksBuildPhase;
			buildActionMask = 2147483647;
			files = (
				63D0B81C1963F20B0036C64D /* XCTest.framework in Frameworks */,
				63D0B81E1963F20B0036C64D /* UIKit.framework in Frameworks */,
				63D0B81D1963F20B0036C64D /* Foundation.framework in Frameworks */,
			);
			runOnlyForDeploymentPostprocessing = 0;
		};
/* End PBXFrameworksBuildPhase section */

/* Begin PBXGroup section */
		63D0B7F61963F20B0036C64D = {
			isa = PBXGroup;
			children = (
				63D0B8081963F20B0036C64D /* TBURLImageViewExample */,
				63D0B8211963F20B0036C64D /* TBURLImageViewExampleTests */,
				63D0B8011963F20B0036C64D /* Frameworks */,
				63D0B8001963F20B0036C64D /* Products */,
			);
			sourceTree = "<group>";
		};
		63D0B8001963F20B0036C64D /* Products */ = {
			isa = PBXGroup;
			children = (
				63D0B7FF1963F20B0036C64D /* TBURLImageViewExample.app */,
				63D0B81A1963F20B0036C64D /* TBURLImageViewExampleTests.xctest */,
			);
			name = Products;
			sourceTree = "<group>";
		};
		63D0B8011963F20B0036C64D /* Frameworks */ = {
			isa = PBXGroup;
			children = (
				63D0B8021963F20B0036C64D /* Foundation.framework */,
				63D0B8041963F20B0036C64D /* CoreGraphics.framework */,
				63D0B8061963F20B0036C64D /* UIKit.framework */,
				63D0B81B1963F20B0036C64D /* XCTest.framework */,
			);
			name = Frameworks;
			sourceTree = "<group>";
		};
		63D0B8081963F20B0036C64D /* TBURLImageViewExample */ = {
			isa = PBXGroup;
			children = (
				63D0B8331963F2BC0036C64D /* TBURLImageView */,
				63D0B8371963F2F60036C64D /* View Controller */,
				63D0B8111963F20B0036C64D /* TBAppDelegate.h */,
				63D0B8121963F20B0036C64D /* TBAppDelegate.m */,
				63D0B8421963F4690036C64D /* Main.storyboard */,
				63D0B8141963F20B0036C64D /* Images.xcassets */,
				63D0B8091963F20B0036C64D /* Supporting Files */,
			);
			path = TBURLImageViewExample;
			sourceTree = "<group>";
		};
		63D0B8091963F20B0036C64D /* Supporting Files */ = {
			isa = PBXGroup;
			children = (
				63D0B80A1963F20B0036C64D /* TBURLImageViewExample-Info.plist */,
				63D0B80B1963F20B0036C64D /* InfoPlist.strings */,
				63D0B80E1963F20B0036C64D /* main.m */,
				63D0B8101963F20B0036C64D /* TBURLImageViewExample-Prefix.pch */,
			);
			name = "Supporting Files";
			sourceTree = "<group>";
		};
		63D0B8211963F20B0036C64D /* TBURLImageViewExampleTests */ = {
			isa = PBXGroup;
			children = (
				63D0B8271963F20B0036C64D /* TBURLImageViewExampleTests.m */,
				63D0B8221963F20B0036C64D /* Supporting Files */,
			);
			path = TBURLImageViewExampleTests;
			sourceTree = "<group>";
		};
		63D0B8221963F20B0036C64D /* Supporting Files */ = {
			isa = PBXGroup;
			children = (
				63D0B8231963F20B0036C64D /* TBURLImageViewExampleTests-Info.plist */,
				63D0B8241963F20B0036C64D /* InfoPlist.strings */,
			);
			name = "Supporting Files";
			sourceTree = "<group>";
		};
		63D0B8331963F2BC0036C64D /* TBURLImageView */ = {
			isa = PBXGroup;
			children = (
				63D0B8341963F2BC0036C64D /* TBURLImageView.h */,
				63D0B8351963F2BC0036C64D /* TBURLImageView.m */,
			);
			path = TBURLImageView;
			sourceTree = SOURCE_ROOT;
		};
		63D0B8371963F2F60036C64D /* View Controller */ = {
			isa = PBXGroup;
			children = (
				63D0B8381963F32D0036C64D /* TBRootViewController.h */,
				63D0B8391963F32D0036C64D /* TBRootViewController.m */,
				63D0B83D1963F3B60036C64D /* TBNextViewController.h */,
				63D0B83E1963F3B60036C64D /* TBNextViewController.m */,
			);
			path = "View Controller";
			sourceTree = SOURCE_ROOT;
		};
/* End PBXGroup section */

/* Begin PBXNativeTarget section */
		63D0B7FE1963F20B0036C64D /* TBURLImageViewExample */ = {
			isa = PBXNativeTarget;
			buildConfigurationList = 63D0B82B1963F20B0036C64D /* Build configuration list for PBXNativeTarget "TBURLImageViewExample" */;
			buildPhases = (
				63D0B7FB1963F20B0036C64D /* Sources */,
				63D0B7FC1963F20B0036C64D /* Frameworks */,
				63D0B7FD1963F20B0036C64D /* Resources */,
			);
			buildRules = (
			);
			dependencies = (
			);
			name = TBURLImageViewExample;
			productName = TBURLImageViewExample;
			productReference = 63D0B7FF1963F20B0036C64D /* TBURLImageViewExample.app */;
			productType = "com.apple.product-type.application";
		};
		63D0B8191963F20B0036C64D /* TBURLImageViewExampleTests */ = {
			isa = PBXNativeTarget;
			buildConfigurationList = 63D0B82E1963F20B0036C64D /* Build configuration list for PBXNativeTarget "TBURLImageViewExampleTests" */;
			buildPhases = (
				63D0B8161963F20B0036C64D /* Sources */,
				63D0B8171963F20B0036C64D /* Frameworks */,
				63D0B8181963F20B0036C64D /* Resources */,
			);
			buildRules = (
			);
			dependencies = (
				63D0B8201963F20B0036C64D /* PBXTargetDependency */,
			);
			name = TBURLImageViewExampleTests;
			productName = TBURLImageViewExampleTests;
			productReference = 63D0B81A1963F20B0036C64D /* TBURLImageViewExampleTests.xctest */;
			productType = "com.apple.product-type.bundle.unit-test";
		};
/* End PBXNativeTarget section */

/* Begin PBXProject section */
		63D0B7F71963F20B0036C64D /* Project object */ = {
			isa = PBXProject;
			attributes = {
				CLASSPREFIX = TB;
				LastUpgradeCheck = 0510;
				ORGANIZATIONNAME = com.thongbin;
				TargetAttributes = {
					63D0B8191963F20B0036C64D = {
						TestTargetID = 63D0B7FE1963F20B0036C64D;
					};
				};
			};
			buildConfigurationList = 63D0B7FA1963F20B0036C64D /* Build configuration list for PBXProject "TBURLImageViewExample" */;
			compatibilityVersion = "Xcode 3.2";
			developmentRegion = English;
			hasScannedForEncodings = 0;
			knownRegions = (
				en,
			);
			mainGroup = 63D0B7F61963F20B0036C64D;
			productRefGroup = 63D0B8001963F20B0036C64D /* Products */;
			projectDirPath = "";
			projectRoot = "";
			targets = (
				63D0B7FE1963F20B0036C64D /* TBURLImageViewExample */,
				63D0B8191963F20B0036C64D /* TBURLImageViewExampleTests */,
			);
		};
/* End PBXProject section */

/* Begin PBXResourcesBuildPhase section */
		63D0B7FD1963F20B0036C64D /* Resources */ = {
			isa = PBXResourcesBuildPhase;
			buildActionMask = 2147483647;
			files = (
				63D0B8431963F4690036C64D /* Main.storyboard in Resources */,
				63D0B80D1963F20B0036C64D /* InfoPlist.strings in Resources */,
				63D0B8151963F20B0036C64D /* Images.xcassets in Resources */,
			);
			runOnlyForDeploymentPostprocessing = 0;
		};
		63D0B8181963F20B0036C64D /* Resources */ = {
			isa = PBXResourcesBuildPhase;
			buildActionMask = 2147483647;
			files = (
				63D0B8261963F20B0036C64D /* InfoPlist.strings in Resources */,
			);
			runOnlyForDeploymentPostprocessing = 0;
		};
/* End PBXResourcesBuildPhase section */

/* Begin PBXSourcesBuildPhase section */
		63D0B7FB1963F20B0036C64D /* Sources */ = {
			isa = PBXSourcesBuildPhase;
			buildActionMask = 2147483647;
			files = (
				63D0B8401963F3B60036C64D /* TBNextViewController.m in Sources */,
				63D0B8131963F20B0036C64D /* TBAppDelegate.m in Sources */,
				63D0B80F1963F20B0036C64D /* main.m in Sources */,
				63D0B83B1963F32D0036C64D /* TBRootViewController.m in Sources */,
				63D0B8361963F2BC0036C64D /* TBURLImageView.m in Sources */,
			);
			runOnlyForDeploymentPostprocessing = 0;
		};
		63D0B8161963F20B0036C64D /* Sources */ = {
			isa = PBXSourcesBuildPhase;
			buildActionMask = 2147483647;
			files = (
				63D0B8281963F20B0036C64D /* TBURLImageViewExampleTests.m in Sources */,
			);
			runOnlyForDeploymentPostprocessing = 0;
		};
/* End PBXSourcesBuildPhase section */

/* Begin PBXTargetDependency section */
		63D0B8201963F20B0036C64D /* PBXTargetDependency */ = {
			isa = PBXTargetDependency;
			target = 63D0B7FE1963F20B0036C64D /* TBURLImageViewExample */;
			targetProxy = 63D0B81F1963F20B0036C64D /* PBXContainerItemProxy */;
		};
/* End PBXTargetDependency section */

/* Begin PBXVariantGroup section */
		63D0B80B1963F20B0036C64D /* InfoPlist.strings */ = {
			isa = PBXVariantGroup;
			children = (
				63D0B80C1963F20B0036C64D /* en */,
			);
			name = InfoPlist.strings;
			sourceTree = "<group>";
		};
		63D0B8241963F20B0036C64D /* InfoPlist.strings */ = {
			isa = PBXVariantGroup;
			children = (
				63D0B8251963F20B0036C64D /* en */,
			);
			name = InfoPlist.strings;
			sourceTree = "<group>";
		};
/* End PBXVariantGroup section */

/* Begin XCBuildConfiguration section */
		63D0B8291963F20B0036C64D /* Debug */ = {
			isa = XCBuildConfiguration;
			buildSettings = {
				ALWAYS_SEARCH_USER_PATHS = NO;
				CLANG_CXX_LANGUAGE_STANDARD = "gnu++0x";
				CLANG_CXX_LIBRARY = "libc++";
				CLANG_ENABLE_MODULES = YES;
				CLANG_ENABLE_OBJC_ARC = YES;
				CLANG_WARN_BOOL_CONVERSION = YES;
				CLANG_WARN_CONSTANT_CONVERSION = YES;
				CLANG_WARN_DIRECT_OBJC_ISA_USAGE = YES_ERROR;
				CLANG_WARN_EMPTY_BODY = YES;
				CLANG_WARN_ENUM_CONVERSION = YES;
				CLANG_WARN_INT_CONVERSION = YES;
				CLANG_WARN_OBJC_ROOT_CLASS = YES_ERROR;
				CLANG_WARN__DUPLICATE_METHOD_MATCH = YES;
				"CODE_SIGN_IDENTITY[sdk=iphoneos*]" = "iPhone Developer";
				COPY_PHASE_STRIP = NO;
				GCC_C_LANGUAGE_STANDARD = gnu99;
				GCC_DYNAMIC_NO_PIC = NO;
				GCC_OPTIMIZATION_LEVEL = 0;
				GCC_PREPROCESSOR_DEFINITIONS = (
					"DEBUG=1",
					"$(inherited)",
				);
				GCC_SYMBOLS_PRIVATE_EXTERN = NO;
				GCC_WARN_64_TO_32_BIT_CONVERSION = YES;
				GCC_WARN_ABOUT_RETURN_TYPE = YES_ERROR;
				GCC_WARN_UNDECLARED_SELECTOR = YES;
				GCC_WARN_UNINITIALIZED_AUTOS = YES_AGGRESSIVE;
				GCC_WARN_UNUSED_FUNCTION = YES;
				GCC_WARN_UNUSED_VARIABLE = YES;
				IPHONEOS_DEPLOYMENT_TARGET = 7.1;
				ONLY_ACTIVE_ARCH = YES;
				SDKROOT = iphoneos;
			};
			name = Debug;
		};
		63D0B82A1963F20B0036C64D /* Release */ = {
			isa = XCBuildConfiguration;
			buildSettings = {
				ALWAYS_SEARCH_USER_PATHS = NO;
				CLANG_CXX_LANGUAGE_STANDARD = "gnu++0x";
				CLANG_CXX_LIBRARY = "libc++";
				CLANG_ENABLE_MODULES = YES;
				CLANG_ENABLE_OBJC_ARC = YES;
				CLANG_WARN_BOOL_CONVERSION = YES;
				CLANG_WARN_CONSTANT_CONVERSION = YES;
				CLANG_WARN_DIRECT_OBJC_ISA_USAGE = YES_ERROR;
				CLANG_WARN_EMPTY_BODY = YES;
				CLANG_WARN_ENUM_CONVERSION = YES;
				CLANG_WARN_INT_CONVERSION = YES;
				CLANG_WARN_OBJC_ROOT_CLASS = YES_ERROR;
				CLANG_WARN__DUPLICATE_METHOD_MATCH = YES;
				"CODE_SIGN_IDENTITY[sdk=iphoneos*]" = "iPhone Developer";
				COPY_PHASE_STRIP = YES;
				ENABLE_NS_ASSERTIONS = NO;
				GCC_C_LANGUAGE_STANDARD = gnu99;
				GCC_WARN_64_TO_32_BIT_CONVERSION = YES;
				GCC_WARN_ABOUT_RETURN_TYPE = YES_ERROR;
				GCC_WARN_UNDECLARED_SELECTOR = YES;
				GCC_WARN_UNINITIALIZED_AUTOS = YES_AGGRESSIVE;
				GCC_WARN_UNUSED_FUNCTION = YES;
				GCC_WARN_UNUSED_VARIABLE = YES;
				IPHONEOS_DEPLOYMENT_TARGET = 7.1;
				SDKROOT = iphoneos;
				VALIDATE_PRODUCT = YES;
			};
			name = Release;
		};
		63D0B82C1963F20B0036C64D /* Debug */ = {
			isa = XCBuildConfiguration;
			buildSettings = {
				ASSETCATALOG_COMPILER_APPICON_NAME = AppIcon;
				ASSETCATALOG_COMPILER_LAUNCHIMAGE_NAME = LaunchImage;
				GCC_PRECOMPILE_PREFIX_HEADER = YES;
				GCC_PREFIX_HEADER = "TBURLImageViewExample/TBURLImageViewExample-Prefix.pch";
				INFOPLIST_FILE = "TBURLImageViewExample/TBURLImageViewExample-Info.plist";
				PRODUCT_NAME = "$(TARGET_NAME)";
				WRAPPER_EXTENSION = app;
			};
			name = Debug;
		};
		63D0B82D1963F20B0036C64D /* Release */ = {
			isa = XCBuildConfiguration;
			buildSettings = {
				ASSETCATALOG_COMPILER_APPICON_NAME = AppIcon;
				ASSETCATALOG_COMPILER_LAUNCHIMAGE_NAME = LaunchImage;
				GCC_PRECOMPILE_PREFIX_HEADER = YES;
				GCC_PREFIX_HEADER = "TBURLImageViewExample/TBURLImageViewExample-Prefix.pch";
				INFOPLIST_FILE = "TBURLImageViewExample/TBURLImageViewExample-Info.plist";
				PRODUCT_NAME = "$(TARGET_NAME)";
				WRAPPER_EXTENSION = app;
			};
			name = Release;
		};
		63D0B82F1963F20B0036C64D /* Debug */ = {
			isa = XCBuildConfiguration;
			buildSettings = {
				BUNDLE_LOADER = "$(BUILT_PRODUCTS_DIR)/TBURLImageViewExample.app/TBURLImageViewExample";
				FRAMEWORK_SEARCH_PATHS = (
					"$(SDKROOT)/Developer/Library/Frameworks",
					"$(inherited)",
					"$(DEVELOPER_FRAMEWORKS_DIR)",
				);
				GCC_PRECOMPILE_PREFIX_HEADER = YES;
				GCC_PREFIX_HEADER = "TBURLImageViewExample/TBURLImageViewExample-Prefix.pch";
				GCC_PREPROCESSOR_DEFINITIONS = (
					"DEBUG=1",
					"$(inherited)",
				);
				INFOPLIST_FILE = "TBURLImageViewExampleTests/TBURLImageViewExampleTests-Info.plist";
				PRODUCT_NAME = "$(TARGET_NAME)";
				TEST_HOST = "$(BUNDLE_LOADER)";
				WRAPPER_EXTENSION = xctest;
			};
			name = Debug;
		};
		63D0B8301963F20B0036C64D /* Release */ = {
			isa = XCBuildConfiguration;
			buildSettings = {
				BUNDLE_LOADER = "$(BUILT_PRODUCTS_DIR)/TBURLImageViewExample.app/TBURLImageViewExample";
				FRAMEWORK_SEARCH_PATHS = (
					"$(SDKROOT)/Developer/Library/Frameworks",
					"$(inherited)",
					"$(DEVELOPER_FRAMEWORKS_DIR)",
				);
				GCC_PRECOMPILE_PREFIX_HEADER = YES;
				GCC_PREFIX_HEADER = "TBURLImageViewExample/TBURLImageViewExample-Prefix.pch";
				INFOPLIST_FILE = "TBURLImageViewExampleTests/TBURLImageViewExampleTests-Info.plist";
				PRODUCT_NAME = "$(TARGET_NAME)";
				TEST_HOST = "$(BUNDLE_LOADER)";
				WRAPPER_EXTENSION = xctest;
			};
			name = Release;
		};
/* End XCBuildConfiguration section */

/* Begin XCConfigurationList section */
		63D0B7FA1963F20B0036C64D /* Build configuration list for PBXProject "TBURLImageViewExample" */ = {
			isa = XCConfigurationList;
			buildConfigurations = (
				63D0B8291963F20B0036C64D /* Debug */,
				63D0B82A1963F20B0036C64D /* Release */,
			);
			defaultConfigurationIsVisible = 0;
			defaultConfigurationName = Release;
		};
		63D0B82B1963F20B0036C64D /* Build configuration list for PBXNativeTarget "TBURLImageViewExample" */ = {
			isa = XCConfigurationList;
			buildConfigurations = (
				63D0B82C1963F20B0036C64D /* Debug */,
				63D0B82D1963F20B0036C64D /* Release */,
			);
			defaultConfigurationIsVisible = 0;
		};
		63D0B82E1963F20B0036C64D /* Build configuration list for PBXNativeTarget "TBURLImageViewExampleTests" */ = {
			isa = XCConfigurationList;
			buildConfigurations = (
				63D0B82F1963F20B0036C64D /* Debug */,
				63D0B8301963F20B0036C64D /* Release */,
			);
			defaultConfigurationIsVisible = 0;
		};
/* End XCConfigurationList section */
	};
	rootObject = 63D0B7F71963F20B0036C64D /* Project object */;
}
